
Microsoft Visual Studio Solution File, Format Version 12.00
# Visual Studio Version 17
VisualStudioVersion = 17.14.36511.14 d17.14
MinimumVisualStudioVersion = 10.0.40219.1
Project("{FAE04EC0-301F-11D3-BF4B-00C04F79EFBC}") = "TextBridge", "TextBridge.csproj", "{39E4DE55-00F2-7DCE-7D89-1DBD0797A010}"
EndProject
Global
	GlobalSection(SolutionConfigurationPlatforms) = preSolution
		Debug|Any CPU = Debug|Any CPU
		Release|Any CPU = Release|Any CPU
	EndGlobalSection
	GlobalSection(ProjectConfigurationPlatforms) = postSolution
		{39E4DE55-00F2-7DCE-7D89-1DBD0797A010}.Debug|Any CPU.ActiveCfg = Debug|Any CPU
		{39E4DE55-00F2-7DCE-7D89-1DBD0797A010}.Debug|Any CPU.Build.0 = Debug|Any CPU
		{39E4DE55-00F2-7DCE-7D89-1DBD0797A010}.Release|Any CPU.ActiveCfg = Release|Any CPU
		{39E4DE55-00F2-7DCE-7D89-1DBD0797A010}.Release|Any CPU.Build.0 = Release|Any CPU
	EndGlobalSection
	GlobalSection(SolutionProperties) = preSolution
		HideSolutionNode = FALSE
	EndGlobalSection
	GlobalSection(ExtensibilityGlobals) = postSolution
		SolutionGuid = {994ECF3A-8D4E-4EE9-A41E-8FC02C70953D}
	EndGlobalSection
EndGlobal
